
Microsoft Visual Studio Solution File, Format Version 12.00
# Visual Studio Version 16
VisualStudioVersion = 16.0.31624.102
MinimumVisualStudioVersion = 10.0.40219.1
Project("{FAE04EC0-301F-11D3-BF4B-00C04F79EFBC}") = "Assignment", "Assignment\Assignment.csproj", "{C937C3D3-36ED-4C90-B847-6CD42630C62B}"
EndProject
Global
	GlobalSection(SolutionConfigurationPlatforms) = preSolution
		Debug|Any CPU = Debug|Any CPU
		Release|Any CPU = Release|Any CPU
	EndGlobalSection
	GlobalSection(ProjectConfigurationPlatforms) = postSolution
		{C937C3D3-36ED-4C90-B847-6CD42630C62B}.Debug|Any CPU.ActiveCfg = Debug|Any CPU
		{C937C3D3-36ED-4C90-B847-6CD42630C62B}.Debug|Any CPU.Build.0 = Debug|Any CPU
		{C937C3D3-36ED-4C90-B847-6CD42630C62B}.Release|Any CPU.ActiveCfg = Release|Any CPU
		{C937C3D3-36ED-4C90-B847-6CD42630C62B}.Release|Any CPU.Build.0 = Release|Any CPU
	EndGlobalSection
	GlobalSection(SolutionProperties) = preSolution
		HideSolutionNode = FALSE
	EndGlobalSection
	GlobalSection(ExtensibilityGlobals) = postSolution
		SolutionGuid = {6D06BEAC-D289-418D-B636-CBB699F6481D}
	EndGlobalSection
EndGlobal
